
Microsoft Visual Studio Solution File, Format Version 12.00
# Visual Studio Version 17
VisualStudioVersion = 17.8.34330.188
MinimumVisualStudioVersion = 10.0.40219.1
Project("{9A19103F-16F7-4668-BE54-9A1E7A4F7556}") = "Projekt_1", "Projekt_1\Projekt_1.csproj", "{C80F9FFF-1AEA-4CC9-B325-6E676AC04FB8}"
EndProject
Project("{9A19103F-16F7-4668-BE54-9A1E7A4F7556}") = "Database", "Database\Database.csproj", "{94EC6008-6BC1-416B-AE1A-F87A197CEDEB}"
EndProject
Project("{9A19103F-16F7-4668-BE54-9A1E7A4F7556}") = "InputValidationLibrary", "InputValidationLibrary\InputValidationLibrary.csproj", "{5C22BFC1-60C2-4A75-ACCA-2F3DB445C911}"
EndProject
Project("{9A19103F-16F7-4668-BE54-9A1E7A4F7556}") = "Calculations", "Calculator\Calculations.csproj", "{89735310-4B14-4D7B-8E74-F1E676EA900B}"
EndProject
Project("{9A19103F-16F7-4668-BE54-9A1E7A4F7556}") = "Rock_Paper_Scissors", "Rock_Paper_Scissors\Rock_Paper_Scissors.csproj", "{2B0A2A07-46A3-48D0-92D0-D3412B7C7BED}"
EndProject
Global
	GlobalSection(SolutionConfigurationPlatforms) = preSolution
		Debug|Any CPU = Debug|Any CPU
		Release|Any CPU = Release|Any CPU
	EndGlobalSection
	GlobalSection(ProjectConfigurationPlatforms) = postSolution
		{C80F9FFF-1AEA-4CC9-B325-6E676AC04FB8}.Debug|Any CPU.ActiveCfg = Debug|Any CPU
		{C80F9FFF-1AEA-4CC9-B325-6E676AC04FB8}.Debug|Any CPU.Build.0 = Debug|Any CPU
		{C80F9FFF-1AEA-4CC9-B325-6E676AC04FB8}.Release|Any CPU.ActiveCfg = Release|Any CPU
		{C80F9FFF-1AEA-4CC9-B325-6E676AC04FB8}.Release|Any CPU.Build.0 = Release|Any CPU
		{94EC6008-6BC1-416B-AE1A-F87A197CEDEB}.Debug|Any CPU.ActiveCfg = Debug|Any CPU
		{94EC6008-6BC1-416B-AE1A-F87A197CEDEB}.Debug|Any CPU.Build.0 = Debug|Any CPU
		{94EC6008-6BC1-416B-AE1A-F87A197CEDEB}.Release|Any CPU.ActiveCfg = Release|Any CPU
		{94EC6008-6BC1-416B-AE1A-F87A197CEDEB}.Release|Any CPU.Build.0 = Release|Any CPU
		{5C22BFC1-60C2-4A75-ACCA-2F3DB445C911}.Debug|Any CPU.ActiveCfg = Debug|Any CPU
		{5C22BFC1-60C2-4A75-ACCA-2F3DB445C911}.Debug|Any CPU.Build.0 = Debug|Any CPU
		{5C22BFC1-60C2-4A75-ACCA-2F3DB445C911}.Release|Any CPU.ActiveCfg = Release|Any CPU
		{5C22BFC1-60C2-4A75-ACCA-2F3DB445C911}.Release|Any CPU.Build.0 = Release|Any CPU
		{89735310-4B14-4D7B-8E74-F1E676EA900B}.Debug|Any CPU.ActiveCfg = Debug|Any CPU
		{89735310-4B14-4D7B-8E74-F1E676EA900B}.Debug|Any CPU.Build.0 = Debug|Any CPU
		{89735310-4B14-4D7B-8E74-F1E676EA900B}.Release|Any CPU.ActiveCfg = Release|Any CPU
		{89735310-4B14-4D7B-8E74-F1E676EA900B}.Release|Any CPU.Build.0 = Release|Any CPU
		{2B0A2A07-46A3-48D0-92D0-D3412B7C7BED}.Debug|Any CPU.ActiveCfg = Debug|Any CPU
		{2B0A2A07-46A3-48D0-92D0-D3412B7C7BED}.Debug|Any CPU.Build.0 = Debug|Any CPU
		{2B0A2A07-46A3-48D0-92D0-D3412B7C7BED}.Release|Any CPU.ActiveCfg = Release|Any CPU
		{2B0A2A07-46A3-48D0-92D0-D3412B7C7BED}.Release|Any CPU.Build.0 = Release|Any CPU
	EndGlobalSection
	GlobalSection(SolutionProperties) = preSolution
		HideSolutionNode = FALSE
	EndGlobalSection
	GlobalSection(ExtensibilityGlobals) = postSolution
		SolutionGuid = {E414E67A-C0F5-4249-97F1-90706A839D19}
	EndGlobalSection
EndGlobal
